
Microsoft Visual Studio Solution File, Format Version 12.00
# Visual Studio Version 16
VisualStudioVersion = 16.0.29009.5
MinimumVisualStudioVersion = 10.0.40219.1
Project("{9A19103F-16F7-4668-BE54-9A1E7A4F7556}") = "FunctionApp67", "FunctionApp67\FunctionApp67.csproj", "{BD2216B7-FAD4-4FDB-8EA0-58D37FC4364B}"
EndProject
Global
	GlobalSection(SolutionConfigurationPlatforms) = preSolution
		Debug|Any CPU = Debug|Any CPU
		Release|Any CPU = Release|Any CPU
	EndGlobalSection
	GlobalSection(ProjectConfigurationPlatforms) = postSolution
		{BD2216B7-FAD4-4FDB-8EA0-58D37FC4364B}.Debug|Any CPU.ActiveCfg = Debug|Any CPU
		{BD2216B7-FAD4-4FDB-8EA0-58D37FC4364B}.Debug|Any CPU.Build.0 = Debug|Any CPU
		{BD2216B7-FAD4-4FDB-8EA0-58D37FC4364B}.Release|Any CPU.ActiveCfg = Release|Any CPU
		{BD2216B7-FAD4-4FDB-8EA0-58D37FC4364B}.Release|Any CPU.Build.0 = Release|Any CPU
	EndGlobalSection
	GlobalSection(SolutionProperties) = preSolution
		HideSolutionNode = FALSE
	EndGlobalSection
	GlobalSection(ExtensibilityGlobals) = postSolution
		SolutionGuid = {D1EC41E6-840D-4E40-B726-E21D0A10F7A3}
	EndGlobalSection
EndGlobal
